
Microsoft Visual Studio Solution File, Format Version 12.00
# Visual Studio Version 17
VisualStudioVersion = 17.0.31825.309
MinimumVisualStudioVersion = 10.0.40219.1
Project("{FAE04EC0-301F-11D3-BF4B-00C04F79EFBC}") = "Lec_03_Binary_Search", "Lec_03_Binary_Search.csproj", "{5E40CC4C-44E6-4C80-AFDF-06ACE8CEE00C}"
EndProject
Global
	GlobalSection(SolutionConfigurationPlatforms) = preSolution
		Debug|Any CPU = Debug|Any CPU
		Release|Any CPU = Release|Any CPU
	EndGlobalSection
	GlobalSection(ProjectConfigurationPlatforms) = postSolution
		{5E40CC4C-44E6-4C80-AFDF-06ACE8CEE00C}.Debug|Any CPU.ActiveCfg = Debug|Any CPU
		{5E40CC4C-44E6-4C80-AFDF-06ACE8CEE00C}.Debug|Any CPU.Build.0 = Debug|Any CPU
		{5E40CC4C-44E6-4C80-AFDF-06ACE8CEE00C}.Release|Any CPU.ActiveCfg = Release|Any CPU
		{5E40CC4C-44E6-4C80-AFDF-06ACE8CEE00C}.Release|Any CPU.Build.0 = Release|Any CPU
	EndGlobalSection
	GlobalSection(SolutionProperties) = preSolution
		HideSolutionNode = FALSE
	EndGlobalSection
	GlobalSection(ExtensibilityGlobals) = postSolution
		SolutionGuid = {81F85F82-DDD9-49C6-91BE-56D89FCBB2A3}
	EndGlobalSection
EndGlobal
