
Microsoft Visual Studio Solution File, Format Version 12.00
# Visual Studio Version 17
VisualStudioVersion = 17.0.31825.309
MinimumVisualStudioVersion = 10.0.40219.1
Project("{FAE04EC0-301F-11D3-BF4B-00C04F79EFBC}") = "BinaryTrees", "BinaryTrees.csproj", "{11098BD8-1461-44BF-A70A-7FE2E68312F7}"
EndProject
Global
	GlobalSection(SolutionConfigurationPlatforms) = preSolution
		Debug|Any CPU = Debug|Any CPU
		Release|Any CPU = Release|Any CPU
	EndGlobalSection
	GlobalSection(ProjectConfigurationPlatforms) = postSolution
		{11098BD8-1461-44BF-A70A-7FE2E68312F7}.Debug|Any CPU.ActiveCfg = Debug|Any CPU
		{11098BD8-1461-44BF-A70A-7FE2E68312F7}.Debug|Any CPU.Build.0 = Debug|Any CPU
		{11098BD8-1461-44BF-A70A-7FE2E68312F7}.Release|Any CPU.ActiveCfg = Release|Any CPU
		{11098BD8-1461-44BF-A70A-7FE2E68312F7}.Release|Any CPU.Build.0 = Release|Any CPU
	EndGlobalSection
	GlobalSection(SolutionProperties) = preSolution
		HideSolutionNode = FALSE
	EndGlobalSection
	GlobalSection(ExtensibilityGlobals) = postSolution
		SolutionGuid = {6E1D3822-AE9B-4E9E-84D6-1605C3CDF9C4}
	EndGlobalSection
EndGlobal
