
Microsoft Visual Studio Solution File, Format Version 12.00
# Visual Studio Version 17
VisualStudioVersion = 17.0.31825.309
MinimumVisualStudioVersion = 10.0.40219.1
Project("{FAE04EC0-301F-11D3-BF4B-00C04F79EFBC}") = "Lec_04_Generics", "Lec_04_Generics.csproj", "{EE4EF499-139B-4DF6-AA4D-D6FCB18F1610}"
EndProject
Global
	GlobalSection(SolutionConfigurationPlatforms) = preSolution
		Debug|Any CPU = Debug|Any CPU
		Release|Any CPU = Release|Any CPU
	EndGlobalSection
	GlobalSection(ProjectConfigurationPlatforms) = postSolution
		{EE4EF499-139B-4DF6-AA4D-D6FCB18F1610}.Debug|Any CPU.ActiveCfg = Debug|Any CPU
		{EE4EF499-139B-4DF6-AA4D-D6FCB18F1610}.Debug|Any CPU.Build.0 = Debug|Any CPU
		{EE4EF499-139B-4DF6-AA4D-D6FCB18F1610}.Release|Any CPU.ActiveCfg = Release|Any CPU
		{EE4EF499-139B-4DF6-AA4D-D6FCB18F1610}.Release|Any CPU.Build.0 = Release|Any CPU
	EndGlobalSection
	GlobalSection(SolutionProperties) = preSolution
		HideSolutionNode = FALSE
	EndGlobalSection
	GlobalSection(ExtensibilityGlobals) = postSolution
		SolutionGuid = {26040613-F90E-4747-920A-79ACDEB99DF0}
	EndGlobalSection
EndGlobal
